
Microsoft Visual Studio Solution File, Format Version 12.00
# Visual Studio Version 17
VisualStudioVersion = 17.8.34525.116
MinimumVisualStudioVersion = 10.0.40219.1
Project("{FAE04EC0-301F-11D3-BF4B-00C04F79EFBC}") = "Ejercicio1", "Ejercicio1\Ejercicio1.csproj", "{F61CDB94-4BAB-4CF8-984B-8AE23D3AED5D}"
EndProject
Global
	GlobalSection(SolutionConfigurationPlatforms) = preSolution
		Debug|Any CPU = Debug|Any CPU
		Release|Any CPU = Release|Any CPU
	EndGlobalSection
	GlobalSection(ProjectConfigurationPlatforms) = postSolution
		{F61CDB94-4BAB-4CF8-984B-8AE23D3AED5D}.Debug|Any CPU.ActiveCfg = Debug|Any CPU
		{F61CDB94-4BAB-4CF8-984B-8AE23D3AED5D}.Debug|Any CPU.Build.0 = Debug|Any CPU
		{F61CDB94-4BAB-4CF8-984B-8AE23D3AED5D}.Release|Any CPU.ActiveCfg = Release|Any CPU
		{F61CDB94-4BAB-4CF8-984B-8AE23D3AED5D}.Release|Any CPU.Build.0 = Release|Any CPU
	EndGlobalSection
	GlobalSection(SolutionProperties) = preSolution
		HideSolutionNode = FALSE
	EndGlobalSection
	GlobalSection(ExtensibilityGlobals) = postSolution
		SolutionGuid = {3A91391B-9E51-40CC-9AFF-9B6926AACC01}
	EndGlobalSection
EndGlobal
